
Microsoft Visual Studio Solution File, Format Version 12.00
# Visual Studio Version 16
VisualStudioVersion = 16.0.29709.97
MinimumVisualStudioVersion = 10.0.40219.1
Project("{FAE04EC0-301F-11D3-BF4B-00C04F79EFBC}") = "Nats-Win", "Nats-Win\Nats-Win.csproj", "{F283688D-4CE6-4001-A068-AA257A55CBE8}"
EndProject
Project("{FAE04EC0-301F-11D3-BF4B-00C04F79EFBC}") = "nats-standard", "nats-standard\nats-standard.csproj", "{FEAFA6A9-91B1-44A0-ABC5-0BC479637119}"
EndProject
Project("{FAE04EC0-301F-11D3-BF4B-00C04F79EFBC}") = "Nats-Cli-Core", "Nats-Cli-Core\Nats-Cli-Core.csproj", "{07BA7FAF-AC33-4AF5-A839-A916D0450D02}"
EndProject
Project("{FAE04EC0-301F-11D3-BF4B-00C04F79EFBC}") = "nats-cli-framework", "nats-cli-framework\nats-cli-framework.csproj", "{C68336C1-AF13-41A0-92FB-0E6DECA7F2F3}"
EndProject
Project("{2150E333-8FDC-42A3-9474-1A3956D46DE8}") = "UI", "UI", "{3738062C-A397-4C18-9E36-435ABB55D146}"
EndProject
Project("{2150E333-8FDC-42A3-9474-1A3956D46DE8}") = "Backend", "Backend", "{D0D76138-6BD0-4AF5-8E76-B6E3914BD049}"
EndProject
Project("{2150E333-8FDC-42A3-9474-1A3956D46DE8}") = "Win", "Win", "{7F4F3DF8-5B24-43DA-B559-3B78ECFD36E1}"
EndProject
Project("{2150E333-8FDC-42A3-9474-1A3956D46DE8}") = "Lin", "Lin", "{E77E4F24-C71B-4A67-8047-B04C48D01676}"
EndProject
Project("{2150E333-8FDC-42A3-9474-1A3956D46DE8}") = "Mac", "Mac", "{D35CAFD8-7DD7-49C1-84BA-EF41AD257369}"
EndProject
Project("{2150E333-8FDC-42A3-9474-1A3956D46DE8}") = "Tests", "Tests", "{4729AC44-B1B9-445D-87E2-D55CF2BBBE20}"
EndProject
Project("{FAE04EC0-301F-11D3-BF4B-00C04F79EFBC}") = "nats-cli-frameworkTests", "nats-cli-frameworkTests\nats-cli-frameworkTests.csproj", "{B552BD52-8C9D-4C75-92B3-F1E3440D7B10}"
EndProject
Project("{FAE04EC0-301F-11D3-BF4B-00C04F79EFBC}") = "Nats-Mac", "Nats-Mac\Nats-Mac\Nats-Mac.csproj", "{EFE08E2E-25E0-46C8-88F5-6C1C83C988BA}"
EndProject
Project("{FAE04EC0-301F-11D3-BF4B-00C04F79EFBC}") = "Nats-Linux", "Nats-Lin\Nats-Linux\Nats-Linux.csproj", "{369E2CF1-5975-448A-89BB-CBB7EEA878BA}"
EndProject
Global
	GlobalSection(SolutionConfigurationPlatforms) = preSolution
		Debug|Any CPU = Debug|Any CPU
		Debug|ARM = Debug|ARM
		Debug|ARM64 = Debug|ARM64
		Debug|x64 = Debug|x64
		Debug|x86 = Debug|x86
		Release|Any CPU = Release|Any CPU
		Release|ARM = Release|ARM
		Release|ARM64 = Release|ARM64
		Release|x64 = Release|x64
		Release|x86 = Release|x86
	EndGlobalSection
	GlobalSection(ProjectConfigurationPlatforms) = postSolution
		{F283688D-4CE6-4001-A068-AA257A55CBE8}.Debug|Any CPU.ActiveCfg = Debug|Any CPU
		{F283688D-4CE6-4001-A068-AA257A55CBE8}.Debug|Any CPU.Build.0 = Debug|Any CPU
		{F283688D-4CE6-4001-A068-AA257A55CBE8}.Debug|ARM.ActiveCfg = Debug|Any CPU
		{F283688D-4CE6-4001-A068-AA257A55CBE8}.Debug|ARM.Build.0 = Debug|Any CPU
		{F283688D-4CE6-4001-A068-AA257A55CBE8}.Debug|ARM64.ActiveCfg = Debug|Any CPU
		{F283688D-4CE6-4001-A068-AA257A55CBE8}.Debug|ARM64.Build.0 = Debug|Any CPU
		{F283688D-4CE6-4001-A068-AA257A55CBE8}.Debug|x64.ActiveCfg = Debug|Any CPU
		{F283688D-4CE6-4001-A068-AA257A55CBE8}.Debug|x64.Build.0 = Debug|Any CPU
		{F283688D-4CE6-4001-A068-AA257A55CBE8}.Debug|x86.ActiveCfg = Debug|Any CPU
		{F283688D-4CE6-4001-A068-AA257A55CBE8}.Debug|x86.Build.0 = Debug|Any CPU
		{F283688D-4CE6-4001-A068-AA257A55CBE8}.Release|Any CPU.ActiveCfg = Release|Any CPU
		{F283688D-4CE6-4001-A068-AA257A55CBE8}.Release|Any CPU.Build.0 = Release|Any CPU
		{F283688D-4CE6-4001-A068-AA257A55CBE8}.Release|ARM.ActiveCfg = Release|Any CPU
		{F283688D-4CE6-4001-A068-AA257A55CBE8}.Release|ARM.Build.0 = Release|Any CPU
		{F283688D-4CE6-4001-A068-AA257A55CBE8}.Release|ARM64.ActiveCfg = Release|Any CPU
		{F283688D-4CE6-4001-A068-AA257A55CBE8}.Release|ARM64.Build.0 = Release|Any CPU
		{F283688D-4CE6-4001-A068-AA257A55CBE8}.Release|x64.ActiveCfg = Release|Any CPU
		{F283688D-4CE6-4001-A068-AA257A55CBE8}.Release|x64.Build.0 = Release|Any CPU
		{F283688D-4CE6-4001-A068-AA257A55CBE8}.Release|x86.ActiveCfg = Release|Any CPU
		{F283688D-4CE6-4001-A068-AA257A55CBE8}.Release|x86.Build.0 = Release|Any CPU
		{FEAFA6A9-91B1-44A0-ABC5-0BC479637119}.Debug|Any CPU.ActiveCfg = Debug|Any CPU
		{FEAFA6A9-91B1-44A0-ABC5-0BC479637119}.Debug|Any CPU.Build.0 = Debug|Any CPU
		{FEAFA6A9-91B1-44A0-ABC5-0BC479637119}.Debug|ARM.ActiveCfg = Debug|Any CPU
		{FEAFA6A9-91B1-44A0-ABC5-0BC479637119}.Debug|ARM.Build.0 = Debug|Any CPU
		{FEAFA6A9-91B1-44A0-ABC5-0BC479637119}.Debug|ARM64.ActiveCfg = Debug|Any CPU
		{FEAFA6A9-91B1-44A0-ABC5-0BC479637119}.Debug|ARM64.Build.0 = Debug|Any CPU
		{FEAFA6A9-91B1-44A0-ABC5-0BC479637119}.Debug|x64.ActiveCfg = Debug|Any CPU
		{FEAFA6A9-91B1-44A0-ABC5-0BC479637119}.Debug|x64.Build.0 = Debug|Any CPU
		{FEAFA6A9-91B1-44A0-ABC5-0BC479637119}.Debug|x86.ActiveCfg = Debug|Any CPU
		{FEAFA6A9-91B1-44A0-ABC5-0BC479637119}.Debug|x86.Build.0 = Debug|Any CPU
		{FEAFA6A9-91B1-44A0-ABC5-0BC479637119}.Release|Any CPU.ActiveCfg = Release|Any CPU
		{FEAFA6A9-91B1-44A0-ABC5-0BC479637119}.Release|Any CPU.Build.0 = Release|Any CPU
		{FEAFA6A9-91B1-44A0-ABC5-0BC479637119}.Release|ARM.ActiveCfg = Release|Any CPU
		{FEAFA6A9-91B1-44A0-ABC5-0BC479637119}.Release|ARM.Build.0 = Release|Any CPU
		{FEAFA6A9-91B1-44A0-ABC5-0BC479637119}.Release|ARM64.ActiveCfg = Release|Any CPU
		{FEAFA6A9-91B1-44A0-ABC5-0BC479637119}.Release|ARM64.Build.0 = Release|Any CPU
		{FEAFA6A9-91B1-44A0-ABC5-0BC479637119}.Release|x64.ActiveCfg = Release|Any CPU
		{FEAFA6A9-91B1-44A0-ABC5-0BC479637119}.Release|x64.Build.0 = Release|Any CPU
		{FEAFA6A9-91B1-44A0-ABC5-0BC479637119}.Release|x86.ActiveCfg = Release|Any CPU
		{FEAFA6A9-91B1-44A0-ABC5-0BC479637119}.Release|x86.Build.0 = Release|Any CPU
		{07BA7FAF-AC33-4AF5-A839-A916D0450D02}.Debug|Any CPU.ActiveCfg = Debug|Any CPU
		{07BA7FAF-AC33-4AF5-A839-A916D0450D02}.Debug|Any CPU.Build.0 = Debug|Any CPU
		{07BA7FAF-AC33-4AF5-A839-A916D0450D02}.Debug|ARM.ActiveCfg = Debug|Any CPU
		{07BA7FAF-AC33-4AF5-A839-A916D0450D02}.Debug|ARM.Build.0 = Debug|Any CPU
		{07BA7FAF-AC33-4AF5-A839-A916D0450D02}.Debug|ARM64.ActiveCfg = Debug|Any CPU
		{07BA7FAF-AC33-4AF5-A839-A916D0450D02}.Debug|ARM64.Build.0 = Debug|Any CPU
		{07BA7FAF-AC33-4AF5-A839-A916D0450D02}.Debug|x64.ActiveCfg = Debug|Any CPU
		{07BA7FAF-AC33-4AF5-A839-A916D0450D02}.Debug|x64.Build.0 = Debug|Any CPU
		{07BA7FAF-AC33-4AF5-A839-A916D0450D02}.Debug|x86.ActiveCfg = Debug|Any CPU
		{07BA7FAF-AC33-4AF5-A839-A916D0450D02}.Debug|x86.Build.0 = Debug|Any CPU
		{07BA7FAF-AC33-4AF5-A839-A916D0450D02}.Release|Any CPU.ActiveCfg = Release|Any CPU
		{07BA7FAF-AC33-4AF5-A839-A916D0450D02}.Release|Any CPU.Build.0 = Release|Any CPU
		{07BA7FAF-AC33-4AF5-A839-A916D0450D02}.Release|ARM.ActiveCfg = Release|Any CPU
		{07BA7FAF-AC33-4AF5-A839-A916D0450D02}.Release|ARM.Build.0 = Release|Any CPU
		{07BA7FAF-AC33-4AF5-A839-A916D0450D02}.Release|ARM64.ActiveCfg = Release|Any CPU
		{07BA7FAF-AC33-4AF5-A839-A916D0450D02}.Release|ARM64.Build.0 = Release|Any CPU
		{07BA7FAF-AC33-4AF5-A839-A916D0450D02}.Release|x64.ActiveCfg = Release|Any CPU
		{07BA7FAF-AC33-4AF5-A839-A916D0450D02}.Release|x64.Build.0 = Release|Any CPU
		{07BA7FAF-AC33-4AF5-A839-A916D0450D02}.Release|x86.ActiveCfg = Release|Any CPU
		{07BA7FAF-AC33-4AF5-A839-A916D0450D02}.Release|x86.Build.0 = Release|Any CPU
		{C68336C1-AF13-41A0-92FB-0E6DECA7F2F3}.Debug|Any CPU.ActiveCfg = Debug|Any CPU
		{C68336C1-AF13-41A0-92FB-0E6DECA7F2F3}.Debug|Any CPU.Build.0 = Debug|Any CPU
		{C68336C1-AF13-41A0-92FB-0E6DECA7F2F3}.Debug|ARM.ActiveCfg = Debug|Any CPU
		{C68336C1-AF13-41A0-92FB-0E6DECA7F2F3}.Debug|ARM.Build.0 = Debug|Any CPU
		{C68336C1-AF13-41A0-92FB-0E6DECA7F2F3}.Debug|ARM64.ActiveCfg = Debug|Any CPU
		{C68336C1-AF13-41A0-92FB-0E6DECA7F2F3}.Debug|ARM64.Build.0 = Debug|Any CPU
		{C68336C1-AF13-41A0-92FB-0E6DECA7F2F3}.Debug|x64.ActiveCfg = Debug|Any CPU
		{C68336C1-AF13-41A0-92FB-0E6DECA7F2F3}.Debug|x64.Build.0 = Debug|Any CPU
		{C68336C1-AF13-41A0-92FB-0E6DECA7F2F3}.Debug|x86.ActiveCfg = Debug|Any CPU
		{C68336C1-AF13-41A0-92FB-0E6DECA7F2F3}.Debug|x86.Build.0 = Debug|Any CPU
		{C68336C1-AF13-41A0-92FB-0E6DECA7F2F3}.Release|Any CPU.ActiveCfg = Release|Any CPU
		{C68336C1-AF13-41A0-92FB-0E6DECA7F2F3}.Release|Any CPU.Build.0 = Release|Any CPU
		{C68336C1-AF13-41A0-92FB-0E6DECA7F2F3}.Release|ARM.ActiveCfg = Release|Any CPU
		{C68336C1-AF13-41A0-92FB-0E6DECA7F2F3}.Release|ARM.Build.0 = Release|Any CPU
		{C68336C1-AF13-41A0-92FB-0E6DECA7F2F3}.Release|ARM64.ActiveCfg = Release|Any CPU
		{C68336C1-AF13-41A0-92FB-0E6DECA7F2F3}.Release|ARM64.Build.0 = Release|Any CPU
		{C68336C1-AF13-41A0-92FB-0E6DECA7F2F3}.Release|x64.ActiveCfg = Release|Any CPU
		{C68336C1-AF13-41A0-92FB-0E6DECA7F2F3}.Release|x64.Build.0 = Release|Any CPU
		{C68336C1-AF13-41A0-92FB-0E6DECA7F2F3}.Release|x86.ActiveCfg = Release|Any CPU
		{C68336C1-AF13-41A0-92FB-0E6DECA7F2F3}.Release|x86.Build.0 = Release|Any CPU
		{B552BD52-8C9D-4C75-92B3-F1E3440D7B10}.Debug|Any CPU.ActiveCfg = Debug|Any CPU
		{B552BD52-8C9D-4C75-92B3-F1E3440D7B10}.Debug|Any CPU.Build.0 = Debug|Any CPU
		{B552BD52-8C9D-4C75-92B3-F1E3440D7B10}.Debug|ARM.ActiveCfg = Debug|Any CPU
		{B552BD52-8C9D-4C75-92B3-F1E3440D7B10}.Debug|ARM.Build.0 = Debug|Any CPU
		{B552BD52-8C9D-4C75-92B3-F1E3440D7B10}.Debug|ARM64.ActiveCfg = Debug|Any CPU
		{B552BD52-8C9D-4C75-92B3-F1E3440D7B10}.Debug|ARM64.Build.0 = Debug|Any CPU
		{B552BD52-8C9D-4C75-92B3-F1E3440D7B10}.Debug|x64.ActiveCfg = Debug|Any CPU
		{B552BD52-8C9D-4C75-92B3-F1E3440D7B10}.Debug|x64.Build.0 = Debug|Any CPU
		{B552BD52-8C9D-4C75-92B3-F1E3440D7B10}.Debug|x86.ActiveCfg = Debug|Any CPU
		{B552BD52-8C9D-4C75-92B3-F1E3440D7B10}.Debug|x86.Build.0 = Debug|Any CPU
		{B552BD52-8C9D-4C75-92B3-F1E3440D7B10}.Release|Any CPU.ActiveCfg = Release|Any CPU
		{B552BD52-8C9D-4C75-92B3-F1E3440D7B10}.Release|Any CPU.Build.0 = Release|Any CPU
		{B552BD52-8C9D-4C75-92B3-F1E3440D7B10}.Release|ARM.ActiveCfg = Release|Any CPU
		{B552BD52-8C9D-4C75-92B3-F1E3440D7B10}.Release|ARM.Build.0 = Release|Any CPU
		{B552BD52-8C9D-4C75-92B3-F1E3440D7B10}.Release|ARM64.ActiveCfg = Release|Any CPU
		{B552BD52-8C9D-4C75-92B3-F1E3440D7B10}.Release|ARM64.Build.0 = Release|Any CPU
		{B552BD52-8C9D-4C75-92B3-F1E3440D7B10}.Release|x64.ActiveCfg = Release|Any CPU
		{B552BD52-8C9D-4C75-92B3-F1E3440D7B10}.Release|x64.Build.0 = Release|Any CPU
		{B552BD52-8C9D-4C75-92B3-F1E3440D7B10}.Release|x86.ActiveCfg = Release|Any CPU
		{B552BD52-8C9D-4C75-92B3-F1E3440D7B10}.Release|x86.Build.0 = Release|Any CPU
		{EFE08E2E-25E0-46C8-88F5-6C1C83C988BA}.Debug|Any CPU.ActiveCfg = Debug|Any CPU
		{EFE08E2E-25E0-46C8-88F5-6C1C83C988BA}.Debug|Any CPU.Build.0 = Debug|Any CPU
		{EFE08E2E-25E0-46C8-88F5-6C1C83C988BA}.Debug|ARM.ActiveCfg = Debug|Any CPU
		{EFE08E2E-25E0-46C8-88F5-6C1C83C988BA}.Debug|ARM.Build.0 = Debug|Any CPU
		{EFE08E2E-25E0-46C8-88F5-6C1C83C988BA}.Debug|ARM64.ActiveCfg = Debug|Any CPU
		{EFE08E2E-25E0-46C8-88F5-6C1C83C988BA}.Debug|ARM64.Build.0 = Debug|Any CPU
		{EFE08E2E-25E0-46C8-88F5-6C1C83C988BA}.Debug|x64.ActiveCfg = Debug|Any CPU
		{EFE08E2E-25E0-46C8-88F5-6C1C83C988BA}.Debug|x64.Build.0 = Debug|Any CPU
		{EFE08E2E-25E0-46C8-88F5-6C1C83C988BA}.Debug|x86.ActiveCfg = Debug|Any CPU
		{EFE08E2E-25E0-46C8-88F5-6C1C83C988BA}.Debug|x86.Build.0 = Debug|Any CPU
		{EFE08E2E-25E0-46C8-88F5-6C1C83C988BA}.Release|Any CPU.ActiveCfg = Release|Any CPU
		{EFE08E2E-25E0-46C8-88F5-6C1C83C988BA}.Release|Any CPU.Build.0 = Release|Any CPU
		{EFE08E2E-25E0-46C8-88F5-6C1C83C988BA}.Release|ARM.ActiveCfg = Release|Any CPU
		{EFE08E2E-25E0-46C8-88F5-6C1C83C988BA}.Release|ARM.Build.0 = Release|Any CPU
		{EFE08E2E-25E0-46C8-88F5-6C1C83C988BA}.Release|ARM64.ActiveCfg = Release|Any CPU
		{EFE08E2E-25E0-46C8-88F5-6C1C83C988BA}.Release|ARM64.Build.0 = Release|Any CPU
		{EFE08E2E-25E0-46C8-88F5-6C1C83C988BA}.Release|x64.ActiveCfg = Release|Any CPU
		{EFE08E2E-25E0-46C8-88F5-6C1C83C988BA}.Release|x64.Build.0 = Release|Any CPU
		{EFE08E2E-25E0-46C8-88F5-6C1C83C988BA}.Release|x86.ActiveCfg = Release|Any CPU
		{EFE08E2E-25E0-46C8-88F5-6C1C83C988BA}.Release|x86.Build.0 = Release|Any CPU
		{369E2CF1-5975-448A-89BB-CBB7EEA878BA}.Debug|Any CPU.ActiveCfg = Debug|Any CPU
		{369E2CF1-5975-448A-89BB-CBB7EEA878BA}.Debug|Any CPU.Build.0 = Debug|Any CPU
		{369E2CF1-5975-448A-89BB-CBB7EEA878BA}.Debug|ARM.ActiveCfg = Debug|Any CPU
		{369E2CF1-5975-448A-89BB-CBB7EEA878BA}.Debug|ARM.Build.0 = Debug|Any CPU
		{369E2CF1-5975-448A-89BB-CBB7EEA878BA}.Debug|ARM64.ActiveCfg = Debug|Any CPU
		{369E2CF1-5975-448A-89BB-CBB7EEA878BA}.Debug|ARM64.Build.0 = Debug|Any CPU
		{369E2CF1-5975-448A-89BB-CBB7EEA878BA}.Debug|x64.ActiveCfg = Debug|Any CPU
		{369E2CF1-5975-448A-89BB-CBB7EEA878BA}.Debug|x64.Build.0 = Debug|Any CPU
		{369E2CF1-5975-448A-89BB-CBB7EEA878BA}.Debug|x86.ActiveCfg = Debug|Any CPU
		{369E2CF1-5975-448A-89BB-CBB7EEA878BA}.Debug|x86.Build.0 = Debug|Any CPU
		{369E2CF1-5975-448A-89BB-CBB7EEA878BA}.Release|Any CPU.ActiveCfg = Release|Any CPU
		{369E2CF1-5975-448A-89BB-CBB7EEA878BA}.Release|Any CPU.Build.0 = Release|Any CPU
		{369E2CF1-5975-448A-89BB-CBB7EEA878BA}.Release|ARM.ActiveCfg = Release|Any CPU
		{369E2CF1-5975-448A-89BB-CBB7EEA878BA}.Release|ARM.Build.0 = Release|Any CPU
		{369E2CF1-5975-448A-89BB-CBB7EEA878BA}.Release|ARM64.ActiveCfg = Release|Any CPU
		{369E2CF1-5975-448A-89BB-CBB7EEA878BA}.Release|ARM64.Build.0 = Release|Any CPU
		{369E2CF1-5975-448A-89BB-CBB7EEA878BA}.Release|x64.ActiveCfg = Release|Any CPU
		{369E2CF1-5975-448A-89BB-CBB7EEA878BA}.Release|x64.Build.0 = Release|Any CPU
		{369E2CF1-5975-448A-89BB-CBB7EEA878BA}.Release|x86.ActiveCfg = Release|Any CPU
		{369E2CF1-5975-448A-89BB-CBB7EEA878BA}.Release|x86.Build.0 = Release|Any CPU
	EndGlobalSection
	GlobalSection(SolutionProperties) = preSolution
		HideSolutionNode = FALSE
	EndGlobalSection
	GlobalSection(NestedProjects) = preSolution
		{F283688D-4CE6-4001-A068-AA257A55CBE8} = {7F4F3DF8-5B24-43DA-B559-3B78ECFD36E1}
		{FEAFA6A9-91B1-44A0-ABC5-0BC479637119} = {D0D76138-6BD0-4AF5-8E76-B6E3914BD049}
		{07BA7FAF-AC33-4AF5-A839-A916D0450D02} = {3738062C-A397-4C18-9E36-435ABB55D146}
		{C68336C1-AF13-41A0-92FB-0E6DECA7F2F3} = {7F4F3DF8-5B24-43DA-B559-3B78ECFD36E1}
		{7F4F3DF8-5B24-43DA-B559-3B78ECFD36E1} = {3738062C-A397-4C18-9E36-435ABB55D146}
		{E77E4F24-C71B-4A67-8047-B04C48D01676} = {3738062C-A397-4C18-9E36-435ABB55D146}
		{D35CAFD8-7DD7-49C1-84BA-EF41AD257369} = {3738062C-A397-4C18-9E36-435ABB55D146}
		{B552BD52-8C9D-4C75-92B3-F1E3440D7B10} = {4729AC44-B1B9-445D-87E2-D55CF2BBBE20}
		{EFE08E2E-25E0-46C8-88F5-6C1C83C988BA} = {D35CAFD8-7DD7-49C1-84BA-EF41AD257369}
		{369E2CF1-5975-448A-89BB-CBB7EEA878BA} = {E77E4F24-C71B-4A67-8047-B04C48D01676}
	EndGlobalSection
	GlobalSection(ExtensibilityGlobals) = postSolution
		SolutionGuid = {BCE7069F-1F34-41F3-88DB-133E9CA19D3E}
	EndGlobalSection
EndGlobal
